{
  "originHash" : "4e515f38b1edb537b3b314b69b3616e05197481f377ef47fbf21a10564a01429",
  "pins" : [
    {
      "identity" : "sunshine",
      "kind" : "remoteSourceControl",
      "location" : "https://github.com/octavore/sunshine",
      "state" : {
        "revision" : "ffd95c24ac0610ae4444fb582034052c008676ad",
        "version" : "0.1.0"
      }
    }
  ],
  "version" : 3
}
